
Microsoft Visual Studio Solution File, Format Version 12.00
# Visual Studio Version 17
VisualStudioVersion = 17.13.35913.81
MinimumVisualStudioVersion = 10.0.40219.1
Project("{FAE04EC0-301F-11D3-BF4B-00C04F79EFBC}") = "WebApi", "WebApi.csproj", "{042CC36F-7786-409D-B27A-DC1611F48832}"
EndProject
Project("{FAE04EC0-301F-11D3-BF4B-00C04F79EFBC}") = "ClassLibrary", "ClassLibrary\ClassLibrary.csproj", "{05B8C5CA-FF1D-49F6-82F4-69193C6FE092}"
EndProject
Project("{FAE04EC0-301F-11D3-BF4B-00C04F79EFBC}") = "WinUI", "..\WinUI\WinUI.csproj", "{B9F59E44-DB45-42D4-8004-E9BD5240F796}"
EndProject
Global
	GlobalSection(SolutionConfigurationPlatforms) = preSolution
		Debug|Any CPU = Debug|Any CPU
		Release|Any CPU = Release|Any CPU
	EndGlobalSection
	GlobalSection(ProjectConfigurationPlatforms) = postSolution
		{042CC36F-7786-409D-B27A-DC1611F48832}.Debug|Any CPU.ActiveCfg = Debug|Any CPU
		{042CC36F-7786-409D-B27A-DC1611F48832}.Debug|Any CPU.Build.0 = Debug|Any CPU
		{042CC36F-7786-409D-B27A-DC1611F48832}.Release|Any CPU.ActiveCfg = Release|Any CPU
		{042CC36F-7786-409D-B27A-DC1611F48832}.Release|Any CPU.Build.0 = Release|Any CPU
		{05B8C5CA-FF1D-49F6-82F4-69193C6FE092}.Debug|Any CPU.ActiveCfg = Debug|Any CPU
		{05B8C5CA-FF1D-49F6-82F4-69193C6FE092}.Debug|Any CPU.Build.0 = Debug|Any CPU
		{05B8C5CA-FF1D-49F6-82F4-69193C6FE092}.Release|Any CPU.ActiveCfg = Release|Any CPU
		{05B8C5CA-FF1D-49F6-82F4-69193C6FE092}.Release|Any CPU.Build.0 = Release|Any CPU
		{B9F59E44-DB45-42D4-8004-E9BD5240F796}.Debug|Any CPU.ActiveCfg = Debug|x64
		{B9F59E44-DB45-42D4-8004-E9BD5240F796}.Debug|Any CPU.Build.0 = Debug|x64
		{B9F59E44-DB45-42D4-8004-E9BD5240F796}.Debug|Any CPU.Deploy.0 = Debug|x64
		{B9F59E44-DB45-42D4-8004-E9BD5240F796}.Release|Any CPU.ActiveCfg = Release|x64
		{B9F59E44-DB45-42D4-8004-E9BD5240F796}.Release|Any CPU.Build.0 = Release|x64
		{B9F59E44-DB45-42D4-8004-E9BD5240F796}.Release|Any CPU.Deploy.0 = Release|x64
	EndGlobalSection
	GlobalSection(SolutionProperties) = preSolution
		HideSolutionNode = FALSE
	EndGlobalSection
	GlobalSection(ExtensibilityGlobals) = postSolution
		SolutionGuid = {04C6DD67-FECD-4DAF-8AA5-A1C40D3E73CB}
	EndGlobalSection
EndGlobal
